
Microsoft Visual Studio Solution File, Format Version 12.00
# Visual Studio Version 17
VisualStudioVersion = 17.5.33530.505
MinimumVisualStudioVersion = 10.0.40219.1
Project("{FAE04EC0-301F-11D3-BF4B-00C04F79EFBC}") = "DuLichWeb", "DuLichWeb\DuLichWeb.csproj", "{BA5B8EE1-A869-4A42-AB11-831699554A99}"
EndProject
Global
	GlobalSection(SolutionConfigurationPlatforms) = preSolution
		Debug|Any CPU = Debug|Any CPU
		Release|Any CPU = Release|Any CPU
	EndGlobalSection
	GlobalSection(ProjectConfigurationPlatforms) = postSolution
		{BA5B8EE1-A869-4A42-AB11-831699554A99}.Debug|Any CPU.ActiveCfg = Debug|Any CPU
		{BA5B8EE1-A869-4A42-AB11-831699554A99}.Debug|Any CPU.Build.0 = Debug|Any CPU
		{BA5B8EE1-A869-4A42-AB11-831699554A99}.Release|Any CPU.ActiveCfg = Release|Any CPU
		{BA5B8EE1-A869-4A42-AB11-831699554A99}.Release|Any CPU.Build.0 = Release|Any CPU
	EndGlobalSection
	GlobalSection(SolutionProperties) = preSolution
		HideSolutionNode = FALSE
	EndGlobalSection
	GlobalSection(ExtensibilityGlobals) = postSolution
		SolutionGuid = {FE06FFE5-A8A6-4DC6-A7BD-F776A5D9CB32}
	EndGlobalSection
EndGlobal
